
Microsoft Visual Studio Solution File, Format Version 12.00
# Visual Studio Version 16
VisualStudioVersion = 16.0.30002.166
MinimumVisualStudioVersion = 10.0.40219.1
Project("{FAE04EC0-301F-11D3-BF4B-00C04F79EFBC}") = "DAO", "DAO\DAO.csproj", "{6AFBCC7F-F3A0-4E6E-8806-5A927CE53CDE}"
	ProjectSection(ProjectDependencies) = postProject
		{706EA4DF-B122-4658-9DFD-76C6D9171F83} = {706EA4DF-B122-4658-9DFD-76C6D9171F83}
	EndProjectSection
EndProject
Project("{FAE04EC0-301F-11D3-BF4B-00C04F79EFBC}") = "BL", "BL\BL.csproj", "{CE3AB3B7-46E8-48ED-866C-B16FE5E5FB5D}"
	ProjectSection(ProjectDependencies) = postProject
		{6AFBCC7F-F3A0-4E6E-8806-5A927CE53CDE} = {6AFBCC7F-F3A0-4E6E-8806-5A927CE53CDE}
		{706EA4DF-B122-4658-9DFD-76C6D9171F83} = {706EA4DF-B122-4658-9DFD-76C6D9171F83}
	EndProjectSection
EndProject
Project("{FAE04EC0-301F-11D3-BF4B-00C04F79EFBC}") = "persistent", "persistent\persistent.csproj", "{706EA4DF-B122-4658-9DFD-76C6D9171F83}"
EndProject
Project("{FAE04EC0-301F-11D3-BF4B-00C04F79EFBC}") = "GUI", "GUI\GUI.csproj", "{1AE421A3-07A1-4751-B9C4-61833CD128EF}"
EndProject
Project("{FAE04EC0-301F-11D3-BF4B-00C04F79EFBC}") = "WpfUserControlGUI", "WpfUserControlGUI\WpfUserControlGUI.csproj", "{AA1DFDCC-53CB-46AA-8D99-6700F3947696}"
EndProject
Global
	GlobalSection(SolutionConfigurationPlatforms) = preSolution
		Debug|Any CPU = Debug|Any CPU
		Release|Any CPU = Release|Any CPU
	EndGlobalSection
	GlobalSection(ProjectConfigurationPlatforms) = postSolution
		{6AFBCC7F-F3A0-4E6E-8806-5A927CE53CDE}.Debug|Any CPU.ActiveCfg = Debug|Any CPU
		{6AFBCC7F-F3A0-4E6E-8806-5A927CE53CDE}.Debug|Any CPU.Build.0 = Debug|Any CPU
		{6AFBCC7F-F3A0-4E6E-8806-5A927CE53CDE}.Release|Any CPU.ActiveCfg = Release|Any CPU
		{6AFBCC7F-F3A0-4E6E-8806-5A927CE53CDE}.Release|Any CPU.Build.0 = Release|Any CPU
		{CE3AB3B7-46E8-48ED-866C-B16FE5E5FB5D}.Debug|Any CPU.ActiveCfg = Debug|Any CPU
		{CE3AB3B7-46E8-48ED-866C-B16FE5E5FB5D}.Debug|Any CPU.Build.0 = Debug|Any CPU
		{CE3AB3B7-46E8-48ED-866C-B16FE5E5FB5D}.Release|Any CPU.ActiveCfg = Release|Any CPU
		{CE3AB3B7-46E8-48ED-866C-B16FE5E5FB5D}.Release|Any CPU.Build.0 = Release|Any CPU
		{706EA4DF-B122-4658-9DFD-76C6D9171F83}.Debug|Any CPU.ActiveCfg = Debug|Any CPU
		{706EA4DF-B122-4658-9DFD-76C6D9171F83}.Debug|Any CPU.Build.0 = Debug|Any CPU
		{706EA4DF-B122-4658-9DFD-76C6D9171F83}.Release|Any CPU.ActiveCfg = Release|Any CPU
		{706EA4DF-B122-4658-9DFD-76C6D9171F83}.Release|Any CPU.Build.0 = Release|Any CPU
		{1AE421A3-07A1-4751-B9C4-61833CD128EF}.Debug|Any CPU.ActiveCfg = Debug|Any CPU
		{1AE421A3-07A1-4751-B9C4-61833CD128EF}.Debug|Any CPU.Build.0 = Debug|Any CPU
		{1AE421A3-07A1-4751-B9C4-61833CD128EF}.Release|Any CPU.ActiveCfg = Release|Any CPU
		{1AE421A3-07A1-4751-B9C4-61833CD128EF}.Release|Any CPU.Build.0 = Release|Any CPU
		{AA1DFDCC-53CB-46AA-8D99-6700F3947696}.Debug|Any CPU.ActiveCfg = Debug|Any CPU
		{AA1DFDCC-53CB-46AA-8D99-6700F3947696}.Debug|Any CPU.Build.0 = Debug|Any CPU
		{AA1DFDCC-53CB-46AA-8D99-6700F3947696}.Release|Any CPU.ActiveCfg = Release|Any CPU
		{AA1DFDCC-53CB-46AA-8D99-6700F3947696}.Release|Any CPU.Build.0 = Release|Any CPU
	EndGlobalSection
	GlobalSection(SolutionProperties) = preSolution
		HideSolutionNode = FALSE
	EndGlobalSection
	GlobalSection(ExtensibilityGlobals) = postSolution
		SolutionGuid = {A025884D-0529-43A8-9D30-8B13DF2AFB11}
	EndGlobalSection
EndGlobal
